
Microsoft Visual Studio Solution File, Format Version 12.00
# Visual Studio 15
VisualStudioVersion = 15.0.27130.2036
MinimumVisualStudioVersion = 10.0.40219.1
Project("{FAE04EC0-301F-11D3-BF4B-00C04F79EFBC}") = "ConsoleApp5", "ConsoleApp5\ConsoleApp5.csproj", "{CA7E3960-3AAF-4709-9067-070F0291E7D8}"
EndProject
Global
	GlobalSection(SolutionConfigurationPlatforms) = preSolution
		Debug|Any CPU = Debug|Any CPU
		Release|Any CPU = Release|Any CPU
	EndGlobalSection
	GlobalSection(ProjectConfigurationPlatforms) = postSolution
		{CA7E3960-3AAF-4709-9067-070F0291E7D8}.Debug|Any CPU.ActiveCfg = Debug|Any CPU
		{CA7E3960-3AAF-4709-9067-070F0291E7D8}.Debug|Any CPU.Build.0 = Debug|Any CPU
		{CA7E3960-3AAF-4709-9067-070F0291E7D8}.Release|Any CPU.ActiveCfg = Release|Any CPU
		{CA7E3960-3AAF-4709-9067-070F0291E7D8}.Release|Any CPU.Build.0 = Release|Any CPU
	EndGlobalSection
	GlobalSection(SolutionProperties) = preSolution
		HideSolutionNode = FALSE
	EndGlobalSection
	GlobalSection(ExtensibilityGlobals) = postSolution
		SolutionGuid = {A1B8B9DF-7C1E-472A-84CF-B7D4629BDABA}
	EndGlobalSection
EndGlobal
